// !$*UTF8*$!
{
	archiveVersion = 1;
	classes = {
	};
	objectVersion = 46;
	objects = {

/* Begin PBXBuildFile section */
		6F028EDD14C9ABF300F290BE /* flagARS.png in Resources */ = {isa = PBXBuildFile; fileRef = 6F028EDB14C9ABF300F290BE /* flagARS.png */; };
		6F028EDE14C9ABF300F290BE /* flagEGP.png in Resources */ = {isa = PBXBuildFile; fileRef = 6F028EDC14C9ABF300F290BE /* flagEGP.png */; };
		6F028EE114C9B2F600F290BE /* flagMYR.png in Resources */ = {isa = PBXBuildFile; fileRef = 6F028EE014C9B2F600F290BE /* flagMYR.png */; };
		6F028EE314C9B30500F290BE /* flagVND.png in Resources */ = {isa = PBXBuildFile; fileRef = 6F028EE214C9B30500F290BE /* flagVND.png */; };
		6F048B6E14F52DE500FC72A7 /* flagPLN.png in Resources */ = {isa = PBXBuildFile; fileRef = 6F048B6D14F52DE500FC72A7 /* flagPLN.png */; };
		6F048B7114F52DF400FC72A7 /* flagCLP.png in Resources */ = {isa = PBXBuildFile; fileRef = 6F048B7014F52DF400FC72A7 /* flagCLP.png */; };
		6F048B7314F52E0200FC72A7 /* flagQAR.png in Resources */ = {isa = PBXBuildFile; fileRef = 6F048B7214F52E0200FC72A7 /* flagQAR.png */; };
		6F048B7514F52E0F00FC72A7 /* flagILS.png in Resources */ = {isa = PBXBuildFile; fileRef = 6F048B7414F52E0F00FC72A7 /* flagILS.png */; };
		6F048B7714F52E7400FC72A7 /* flagBHD.png in Resources */ = {isa = PBXBuildFile; fileRef = 6F048B7614F52E7400FC72A7 /* flagBHD.png */; };
		6F0A460615B45BC6000533F4 /* flagCZK.png in Resources */ = {isa = PBXBuildFile; fileRef = 6F0A460515B45BC6000533F4 /* flagCZK.png */; };
		6F0A460B15B460B8000533F4 /* flagHUF.png in Resources */ = {isa = PBXBuildFile; fileRef = 6F0A460A15B460B7000533F4 /* flagHUF.png */; };
		6F0F630914C2824F00560A38 /* flagDKK.png in Resources */ = {isa = PBXBuildFile; fileRef = 6F0F630514C2824F00560A38 /* flagDKK.png */; };
		6F0F630A14C2824F00560A38 /* flagIDR.png in Resources */ = {isa = PBXBuildFile; fileRef = 6F0F630614C2824F00560A38 /* flagIDR.png */; };
		6F0F630B14C2824F00560A38 /* flagPHP.png in Resources */ = {isa = PBXBuildFile; fileRef = 6F0F630714C2824F00560A38 /* flagPHP.png */; };
		6F0F630C14C2824F00560A38 /* flagTRY.png in Resources */ = {isa = PBXBuildFile; fileRef = 6F0F630814C2824F00560A38 /* flagTRY.png */; };
		6F0FD353151DACE20089FFBE /* infoPanel.m in Sources */ = {isa = PBXBuildFile; fileRef = 6F0FD352151DACE20089FFBE /* infoPanel.m */; };
		6F0FD356151DAD2D0089FFBE /* infoPanel.xib in Resources */ = {isa = PBXBuildFile; fileRef = 6F0FD355151DAD2D0089FFBE /* infoPanel.xib */; };
		6F10908A14B88FBB00FA06B7 /* SoundOff.tiff in Resources */ = {isa = PBXBuildFile; fileRef = 6F10908814B88FBB00FA06B7 /* SoundOff.tiff */; };
		6F10908B14B88FBB00FA06B7 /* SoundOn.tiff in Resources */ = {isa = PBXBuildFile; fileRef = 6F10908914B88FBB00FA06B7 /* SoundOn.tiff */; };
		6F10DB3A14F3EA5C00C80296 /* flagAED.png in Resources */ = {isa = PBXBuildFile; fileRef = 6F10DB3914F3EA5C00C80296 /* flagAED.png */; };
		6F4E97B414C84A7B006210AF /* flagSAR.png in Resources */ = {isa = PBXBuildFile; fileRef = 6F4E97B314C84A7B006210AF /* flagSAR.png */; };
		6F5A200514ADD8530023FDDA /* Currency.m in Sources */ = {isa = PBXBuildFile; fileRef = 6F5A200414ADD8530023FDDA /* Currency.m */; };
		6F5A200814ADD8600023FDDA /* webAccess.m in Sources */ = {isa = PBXBuildFile; fileRef = 6F5A200714ADD8600023FDDA /* webAccess.m */; };
		6F5A200F14ADD93C0023FDDA /* Localizable.strings in Resources */ = {isa = PBXBuildFile; fileRef = 6F5A200D14ADD93C0023FDDA /* Localizable.strings */; };
		6F7B23EA14AFF3FD0032995B /* Transformer.m in Sources */ = {isa = PBXBuildFile; fileRef = 6F7B23E914AFF3FD0032995B /* Transformer.m */; };
		6F82D4F0159F2A2900D3FA13 /* flagCOP.png in Resources */ = {isa = PBXBuildFile; fileRef = 6F82D4EF159F2A2900D3FA13 /* flagCOP.png */; };
		6F82D4F3159F2FC200D3FA13 /* flagPEN.png in Resources */ = {isa = PBXBuildFile; fileRef = 6F82D4F2159F2FC200D3FA13 /* flagPEN.png */; };
		6F8EBA6214B3298500F6E176 /* tanu-p-fx.icns in Resources */ = {isa = PBXBuildFile; fileRef = 6F8EBA6114B3298500F6E176 /* tanu-p-fx.icns */; };
		6F8EBA6514B3407A00F6E176 /* flagMXN.png in Resources */ = {isa = PBXBuildFile; fileRef = 6F8EBA6414B3407A00F6E176 /* flagMXN.png */; };
		6F8EBA6914B3409600F6E176 /* flagRUB.png in Resources */ = {isa = PBXBuildFile; fileRef = 6F8EBA6614B3409600F6E176 /* flagRUB.png */; };
		6F8EBA6A14B3409600F6E176 /* flagSEK.png in Resources */ = {isa = PBXBuildFile; fileRef = 6F8EBA6714B3409600F6E176 /* flagSEK.png */; };
		6F8EBA6B14B3409600F6E176 /* flagSGD.png in Resources */ = {isa = PBXBuildFile; fileRef = 6F8EBA6814B3409600F6E176 /* flagSGD.png */; };
		6F939F6114AFFA2D0059A33D /* flagEUR.png in Resources */ = {isa = PBXBuildFile; fileRef = 6F939F5E14AFFA2D0059A33D /* flagEUR.png */; };
		6F939F6314AFFA2D0059A33D /* flagUSD.png in Resources */ = {isa = PBXBuildFile; fileRef = 6F939F6014AFFA2D0059A33D /* flagUSD.png */; };
		6F939F7314B008610059A33D /* flagAUD.png in Resources */ = {isa = PBXBuildFile; fileRef = 6F939F6514B008600059A33D /* flagAUD.png */; };
		6F939F7414B008610059A33D /* flagBRL.png in Resources */ = {isa = PBXBuildFile; fileRef = 6F939F6614B008610059A33D /* flagBRL.png */; };
		6F939F7514B008610059A33D /* flagCAD.png in Resources */ = {isa = PBXBuildFile; fileRef = 6F939F6714B008610059A33D /* flagCAD.png */; };
		6F939F7614B008610059A33D /* flagCHF.png in Resources */ = {isa = PBXBuildFile; fileRef = 6F939F6814B008610059A33D /* flagCHF.png */; };
		6F939F7714B008610059A33D /* flagCNY.png in Resources */ = {isa = PBXBuildFile; fileRef = 6F939F6914B008610059A33D /* flagCNY.png */; };
		6F939F7814B008610059A33D /* flagGBP.png in Resources */ = {isa = PBXBuildFile; fileRef = 6F939F6A14B008610059A33D /* flagGBP.png */; };
		6F939F7914B008610059A33D /* flagHKD.png in Resources */ = {isa = PBXBuildFile; fileRef = 6F939F6B14B008610059A33D /* flagHKD.png */; };
		6F939F7A14B008610059A33D /* flagINR.png in Resources */ = {isa = PBXBuildFile; fileRef = 6F939F6C14B008610059A33D /* flagINR.png */; };
		6F939F7B14B008610059A33D /* flagKRW.png in Resources */ = {isa = PBXBuildFile; fileRef = 6F939F6D14B008610059A33D /* flagKRW.png */; };
		6F939F7C14B008610059A33D /* flagNOK.png in Resources */ = {isa = PBXBuildFile; fileRef = 6F939F6E14B008610059A33D /* flagNOK.png */; };
		6F939F7D14B008610059A33D /* flagNZD.png in Resources */ = {isa = PBXBuildFile; fileRef = 6F939F6F14B008610059A33D /* flagNZD.png */; };
		6F939F7E14B008610059A33D /* flagZAR.png in Resources */ = {isa = PBXBuildFile; fileRef = 6F939F7014B008610059A33D /* flagZAR.png */; };
		6F939F7F14B008610059A33D /* flagTHB.png in Resources */ = {isa = PBXBuildFile; fileRef = 6F939F7114B008610059A33D /* flagTHB.png */; };
		6F939F8014B008610059A33D /* flagTWD.png in Resources */ = {isa = PBXBuildFile; fileRef = 6F939F7214B008610059A33D /* flagTWD.png */; };
		6F94BEF216C6A8C800D26163 /* Earth.png in Resources */ = {isa = PBXBuildFile; fileRef = 6F94BEF116C6A8C800D26163 /* Earth.png */; };
		6FAE2D5214ADD7510091281A /* Cocoa.framework in Frameworks */ = {isa = PBXBuildFile; fileRef = 6FAE2D5114ADD7510091281A /* Cocoa.framework */; };
		6FAE2D5C14ADD7510091281A /* InfoPlist.strings in Resources */ = {isa = PBXBuildFile; fileRef = 6FAE2D5A14ADD7510091281A /* InfoPlist.strings */; };
		6FAE2D5E14ADD7510091281A /* main.m in Sources */ = {isa = PBXBuildFile; fileRef = 6FAE2D5D14ADD7510091281A /* main.m */; };
		6FAE2D6214ADD7510091281A /* Credits.rtf in Resources */ = {isa = PBXBuildFile; fileRef = 6FAE2D6014ADD7510091281A /* Credits.rtf */; };
		6FAE2D6514ADD7510091281A /* AppDelegate.m in Sources */ = {isa = PBXBuildFile; fileRef = 6FAE2D6414ADD7510091281A /* AppDelegate.m */; };
		6FAE2D6814ADD7510091281A /* MainMenu.xib in Resources */ = {isa = PBXBuildFile; fileRef = 6FAE2D6614ADD7510091281A /* MainMenu.xib */; };
		6FB56CF814AED26A001BB52D /* PreferenceController.m in Sources */ = {isa = PBXBuildFile; fileRef = 6FB56CF714AED26A001BB52D /* PreferenceController.m */; };
		6FB56CFB14AED42E001BB52D /* Preference.xib in Resources */ = {isa = PBXBuildFile; fileRef = 6FB56CFA14AED42E001BB52D /* Preference.xib */; };
		6FB6642814D6D6D600DD4CBB /* ChangeAlarm.m4a in Resources */ = {isa = PBXBuildFile; fileRef = 6FB6642714D6D6D600DD4CBB /* ChangeAlarm.m4a */; };
		6FF88AC01CB4061D00B998C8 /* flagJPY.png in Resources */ = {isa = PBXBuildFile; fileRef = 6FF88ABF1CB4061D00B998C8 /* flagJPY.png */; };
/* End PBXBuildFile section */

/* Begin PBXFileReference section */
		6F028EDB14C9ABF300F290BE /* flagARS.png */ = {isa = PBXFileReference; lastKnownFileType = image.png; path = flagARS.png; sourceTree = "<group>"; };
		6F028EDC14C9ABF300F290BE /* flagEGP.png */ = {isa = PBXFileReference; lastKnownFileType = image.png; path = flagEGP.png; sourceTree = "<group>"; };
		6F028EE014C9B2F600F290BE /* flagMYR.png */ = {isa = PBXFileReference; lastKnownFileType = image.png; path = flagMYR.png; sourceTree = "<group>"; };
		6F028EE214C9B30500F290BE /* flagVND.png */ = {isa = PBXFileReference; lastKnownFileType = image.png; path = flagVND.png; sourceTree = "<group>"; };
		6F048B6D14F52DE500FC72A7 /* flagPLN.png */ = {isa = PBXFileReference; lastKnownFileType = image.png; path = flagPLN.png; sourceTree = "<group>"; };
		6F048B7014F52DF400FC72A7 /* flagCLP.png */ = {isa = PBXFileReference; lastKnownFileType = image.png; path = flagCLP.png; sourceTree = "<group>"; };
		6F048B7214F52E0200FC72A7 /* flagQAR.png */ = {isa = PBXFileReference; lastKnownFileType = image.png; path = flagQAR.png; sourceTree = "<group>"; };
		6F048B7414F52E0F00FC72A7 /* flagILS.png */ = {isa = PBXFileReference; lastKnownFileType = image.png; path = flagILS.png; sourceTree = "<group>"; };
		6F048B7614F52E7400FC72A7 /* flagBHD.png */ = {isa = PBXFileReference; lastKnownFileType = image.png; path = flagBHD.png; sourceTree = "<group>"; };
		6F077D3626EC39C200056AC5 /* Base */ = {isa = PBXFileReference; lastKnownFileType = file.xib; name = Base; path = Base.lproj/MainMenu.xib; sourceTree = "<group>"; };
		6F0A460515B45BC6000533F4 /* flagCZK.png */ = {isa = PBXFileReference; lastKnownFileType = image.png; path = flagCZK.png; sourceTree = "<group>"; };
		6F0A460A15B460B7000533F4 /* flagHUF.png */ = {isa = PBXFileReference; lastKnownFileType = image.png; path = flagHUF.png; sourceTree = "<group>"; };
		6F0F630514C2824F00560A38 /* flagDKK.png */ = {isa = PBXFileReference; lastKnownFileType = image.png; path = flagDKK.png; sourceTree = "<group>"; };
		6F0F630614C2824F00560A38 /* flagIDR.png */ = {isa = PBXFileReference; lastKnownFileType = image.png; path = flagIDR.png; sourceTree = "<group>"; };
		6F0F630714C2824F00560A38 /* flagPHP.png */ = {isa = PBXFileReference; lastKnownFileType = image.png; path = flagPHP.png; sourceTree = "<group>"; };
		6F0F630814C2824F00560A38 /* flagTRY.png */ = {isa = PBXFileReference; lastKnownFileType = image.png; path = flagTRY.png; sourceTree = "<group>"; };
		6F0F630E14C291EE00560A38 /* ja */ = {isa = PBXFileReference; lastKnownFileType = text.rtf; name = ja; path = ja.lproj/Credits.rtf; sourceTree = "<group>"; };
		6F0FD351151DACE20089FFBE /* infoPanel.h */ = {isa = PBXFileReference; fileEncoding = 4; lastKnownFileType = sourcecode.c.h; path = infoPanel.h; sourceTree = "<group>"; };
		6F0FD352151DACE20089FFBE /* infoPanel.m */ = {isa = PBXFileReference; fileEncoding = 4; lastKnownFileType = sourcecode.c.objc; path = infoPanel.m; sourceTree = "<group>"; };
		6F0FD355151DAD2D0089FFBE /* infoPanel.xib */ = {isa = PBXFileReference; fileEncoding = 4; lastKnownFileType = file.xib; path = infoPanel.xib; sourceTree = "<group>"; };
		6F10908814B88FBB00FA06B7 /* SoundOff.tiff */ = {isa = PBXFileReference; lastKnownFileType = image.tiff; path = SoundOff.tiff; sourceTree = "<group>"; };
		6F10908914B88FBB00FA06B7 /* SoundOn.tiff */ = {isa = PBXFileReference; lastKnownFileType = image.tiff; path = SoundOn.tiff; sourceTree = "<group>"; };
		6F10DB3914F3EA5C00C80296 /* flagAED.png */ = {isa = PBXFileReference; lastKnownFileType = image.png; path = flagAED.png; sourceTree = "<group>"; };
		6F4E97B314C84A7B006210AF /* flagSAR.png */ = {isa = PBXFileReference; lastKnownFileType = image.png; path = flagSAR.png; sourceTree = "<group>"; };
		6F58244215A05D4D00DABCC8 /* SyntheForex.entitlements */ = {isa = PBXFileReference; lastKnownFileType = text.xml; path = SyntheForex.entitlements; sourceTree = "<group>"; };
		6F5A200314ADD8530023FDDA /* Currency.h */ = {isa = PBXFileReference; fileEncoding = 4; lastKnownFileType = sourcecode.c.h; path = Currency.h; sourceTree = "<group>"; };
		6F5A200414ADD8530023FDDA /* Currency.m */ = {isa = PBXFileReference; fileEncoding = 4; lastKnownFileType = sourcecode.c.objc; path = Currency.m; sourceTree = "<group>"; };
		6F5A200614ADD8600023FDDA /* webAccess.h */ = {isa = PBXFileReference; fileEncoding = 4; lastKnownFileType = sourcecode.c.h; path = webAccess.h; sourceTree = "<group>"; };
		6F5A200714ADD8600023FDDA /* webAccess.m */ = {isa = PBXFileReference; fileEncoding = 4; lastKnownFileType = sourcecode.c.objc; path = webAccess.m; sourceTree = "<group>"; };
		6F5A200E14ADD93C0023FDDA /* en */ = {isa = PBXFileReference; lastKnownFileType = text.plist.strings; name = en; path = en.lproj/Localizable.strings; sourceTree = "<group>"; };
		6F5A201114ADD9500023FDDA /* ja */ = {isa = PBXFileReference; lastKnownFileType = text.plist.strings; name = ja; path = ja.lproj/InfoPlist.strings; sourceTree = "<group>"; };
		6F5A201214ADD9710023FDDA /* ja */ = {isa = PBXFileReference; lastKnownFileType = text.plist.strings; name = ja; path = ja.lproj/Localizable.strings; sourceTree = "<group>"; };
		6F66FAD414CA988600FEC87D /* es */ = {isa = PBXFileReference; lastKnownFileType = text.plist.strings; name = es; path = es.lproj/Localizable.strings; sourceTree = "<group>"; };
		6F66FADA14CAC8A900FEC87D /* it */ = {isa = PBXFileReference; lastKnownFileType = text.plist.strings; name = it; path = it.lproj/Localizable.strings; sourceTree = "<group>"; };
		6F66FADB14CAC8AE00FEC87D /* pt */ = {isa = PBXFileReference; lastKnownFileType = text.plist.strings; name = pt; path = pt.lproj/Localizable.strings; sourceTree = "<group>"; };
		6F7B23E814AFF3FD0032995B /* Transformer.h */ = {isa = PBXFileReference; fileEncoding = 4; lastKnownFileType = sourcecode.c.h; path = Transformer.h; sourceTree = "<group>"; };
		6F7B23E914AFF3FD0032995B /* Transformer.m */ = {isa = PBXFileReference; fileEncoding = 4; lastKnownFileType = sourcecode.c.objc; path = Transformer.m; sourceTree = "<group>"; };
		6F82D4EF159F2A2900D3FA13 /* flagCOP.png */ = {isa = PBXFileReference; lastKnownFileType = image.png; path = flagCOP.png; sourceTree = "<group>"; };
		6F82D4F2159F2FC200D3FA13 /* flagPEN.png */ = {isa = PBXFileReference; lastKnownFileType = image.png; path = flagPEN.png; sourceTree = "<group>"; };
		6F8EBA6114B3298500F6E176 /* tanu-p-fx.icns */ = {isa = PBXFileReference; lastKnownFileType = image.icns; path = "tanu-p-fx.icns"; sourceTree = "<group>"; };
		6F8EBA6414B3407A00F6E176 /* flagMXN.png */ = {isa = PBXFileReference; lastKnownFileType = image.png; path = flagMXN.png; sourceTree = "<group>"; };
		6F8EBA6614B3409600F6E176 /* flagRUB.png */ = {isa = PBXFileReference; lastKnownFileType = image.png; path = flagRUB.png; sourceTree = "<group>"; };
		6F8EBA6714B3409600F6E176 /* flagSEK.png */ = {isa = PBXFileReference; lastKnownFileType = image.png; path = flagSEK.png; sourceTree = "<group>"; };
		6F8EBA6814B3409600F6E176 /* flagSGD.png */ = {isa = PBXFileReference; lastKnownFileType = image.png; path = flagSGD.png; sourceTree = "<group>"; };
		6F939F5E14AFFA2D0059A33D /* flagEUR.png */ = {isa = PBXFileReference; lastKnownFileType = image.png; path = flagEUR.png; sourceTree = "<group>"; };
		6F939F6014AFFA2D0059A33D /* flagUSD.png */ = {isa = PBXFileReference; lastKnownFileType = image.png; path = flagUSD.png; sourceTree = "<group>"; };
		6F939F6514B008600059A33D /* flagAUD.png */ = {isa = PBXFileReference; lastKnownFileType = image.png; path = flagAUD.png; sourceTree = "<group>"; };
		6F939F6614B008610059A33D /* flagBRL.png */ = {isa = PBXFileReference; lastKnownFileType = image.png; path = flagBRL.png; sourceTree = "<group>"; };
		6F939F6714B008610059A33D /* flagCAD.png */ = {isa = PBXFileReference; lastKnownFileType = image.png; path = flagCAD.png; sourceTree = "<group>"; };
		6F939F6814B008610059A33D /* flagCHF.png */ = {isa = PBXFileReference; lastKnownFileType = image.png; path = flagCHF.png; sourceTree = "<group>"; };
		6F939F6914B008610059A33D /* flagCNY.png */ = {isa = PBXFileReference; lastKnownFileType = image.png; path = flagCNY.png; sourceTree = "<group>"; };
		6F939F6A14B008610059A33D /* flagGBP.png */ = {isa = PBXFileReference; lastKnownFileType = image.png; path = flagGBP.png; sourceTree = "<group>"; };
		6F939F6B14B008610059A33D /* flagHKD.png */ = {isa = PBXFileReference; lastKnownFileType = image.png; path = flagHKD.png; sourceTree = "<group>"; };
		6F939F6C14B008610059A33D /* flagINR.png */ = {isa = PBXFileReference; lastKnownFileType = image.png; path = flagINR.png; sourceTree = "<group>"; };
		6F939F6D14B008610059A33D /* flagKRW.png */ = {isa = PBXFileReference; lastKnownFileType = image.png; path = flagKRW.png; sourceTree = "<group>"; };
		6F939F6E14B008610059A33D /* flagNOK.png */ = {isa = PBXFileReference; lastKnownFileType = image.png; path = flagNOK.png; sourceTree = "<group>"; };
		6F939F6F14B008610059A33D /* flagNZD.png */ = {isa = PBXFileReference; lastKnownFileType = image.png; path = flagNZD.png; sourceTree = "<group>"; };
		6F939F7014B008610059A33D /* flagZAR.png */ = {isa = PBXFileReference; lastKnownFileType = image.png; path = flagZAR.png; sourceTree = "<group>"; };
		6F939F7114B008610059A33D /* flagTHB.png */ = {isa = PBXFileReference; lastKnownFileType = image.png; path = flagTHB.png; sourceTree = "<group>"; };
		6F939F7214B008610059A33D /* flagTWD.png */ = {isa = PBXFileReference; lastKnownFileType = image.png; path = flagTWD.png; sourceTree = "<group>"; };
		6F94BEF116C6A8C800D26163 /* Earth.png */ = {isa = PBXFileReference; lastKnownFileType = image.png; path = Earth.png; sourceTree = "<group>"; };
		6FAE2D4D14ADD7510091281A /* SyntheForex.app */ = {isa = PBXFileReference; explicitFileType = wrapper.application; includeInIndex = 0; path = SyntheForex.app; sourceTree = BUILT_PRODUCTS_DIR; };
		6FAE2D5114ADD7510091281A /* Cocoa.framework */ = {isa = PBXFileReference; lastKnownFileType = wrapper.framework; name = Cocoa.framework; path = System/Library/Frameworks/Cocoa.framework; sourceTree = SDKROOT; };
		6FAE2D5414ADD7510091281A /* AppKit.framework */ = {isa = PBXFileReference; lastKnownFileType = wrapper.framework; name = AppKit.framework; path = System/Library/Frameworks/AppKit.framework; sourceTree = SDKROOT; };
		6FAE2D5514ADD7510091281A /* CoreData.framework */ = {isa = PBXFileReference; lastKnownFileType = wrapper.framework; name = CoreData.framework; path = System/Library/Frameworks/CoreData.framework; sourceTree = SDKROOT; };
		6FAE2D5614ADD7510091281A /* Foundation.framework */ = {isa = PBXFileReference; lastKnownFileType = wrapper.framework; name = Foundation.framework; path = System/Library/Frameworks/Foundation.framework; sourceTree = SDKROOT; };
		6FAE2D5914ADD7510091281A /* SyntheForex-Info.plist */ = {isa = PBXFileReference; lastKnownFileType = text.plist.xml; path = "SyntheForex-Info.plist"; sourceTree = "<group>"; };
		6FAE2D5B14ADD7510091281A /* en */ = {isa = PBXFileReference; lastKnownFileType = text.plist.strings; name = en; path = en.lproj/InfoPlist.strings; sourceTree = "<group>"; };
		6FAE2D5D14ADD7510091281A /* main.m */ = {isa = PBXFileReference; lastKnownFileType = sourcecode.c.objc; path = main.m; sourceTree = "<group>"; };
		6FAE2D5F14ADD7510091281A /* SyntheForex-Prefix.pch */ = {isa = PBXFileReference; lastKnownFileType = sourcecode.c.h; path = "SyntheForex-Prefix.pch"; sourceTree = "<group>"; };
		6FAE2D6114ADD7510091281A /* en */ = {isa = PBXFileReference; lastKnownFileType = text.rtf; name = en; path = en.lproj/Credits.rtf; sourceTree = "<group>"; };
		6FAE2D6314ADD7510091281A /* AppDelegate.h */ = {isa = PBXFileReference; lastKnownFileType = sourcecode.c.h; path = AppDelegate.h; sourceTree = "<group>"; };
		6FAE2D6414ADD7510091281A /* AppDelegate.m */ = {isa = PBXFileReference; lastKnownFileType = sourcecode.c.objc; path = AppDelegate.m; sourceTree = "<group>"; };
		6FB56CF614AED26A001BB52D /* PreferenceController.h */ = {isa = PBXFileReference; fileEncoding = 4; lastKnownFileType = sourcecode.c.h; path = PreferenceController.h; sourceTree = "<group>"; };
		6FB56CF714AED26A001BB52D /* PreferenceController.m */ = {isa = PBXFileReference; fileEncoding = 4; lastKnownFileType = sourcecode.c.objc; path = PreferenceController.m; sourceTree = "<group>"; };
		6FB56CFA14AED42E001BB52D /* Preference.xib */ = {isa = PBXFileReference; fileEncoding = 4; lastKnownFileType = file.xib; path = Preference.xib; sourceTree = "<group>"; };
		6FB56CFC14AEFB81001BB52D /* build.h */ = {isa = PBXFileReference; fileEncoding = 4; lastKnownFileType = sourcecode.c.h; path = build.h; sourceTree = "<group>"; };
		6FB6642714D6D6D600DD4CBB /* ChangeAlarm.m4a */ = {isa = PBXFileReference; lastKnownFileType = file; path = ChangeAlarm.m4a; sourceTree = "<group>"; };
		6FD5EF4114C7CD1400096BED /* de */ = {isa = PBXFileReference; lastKnownFileType = text.plist.strings; name = de; path = de.lproj/Localizable.strings; sourceTree = "<group>"; };
		6FD5EF4214C7D12A00096BED /* fr */ = {isa = PBXFileReference; lastKnownFileType = text.plist.strings; name = fr; path = fr.lproj/Localizable.strings; sourceTree = "<group>"; };
		6FF88ABF1CB4061D00B998C8 /* flagJPY.png */ = {isa = PBXFileReference; lastKnownFileType = image.png; path = flagJPY.png; sourceTree = "<group>"; };
/* End PBXFileReference section */

/* Begin PBXFrameworksBuildPhase section */
		6FAE2D4A14ADD7510091281A /* Frameworks */ = {
			isa = PBXFrameworksBuildPhase;
			buildActionMask = 2147483647;
			files = (
				6FAE2D5214ADD7510091281A /* Cocoa.framework in Frameworks */,
			);
			runOnlyForDeploymentPostprocessing = 0;
		};
/* End PBXFrameworksBuildPhase section */

/* Begin PBXGroup section */
		6FAE2D4214ADD7510091281A = {
			isa = PBXGroup;
			children = (
				6FAE2D5014ADD7510091281A /* Frameworks */,
				6FAE2D4E14ADD7510091281A /* Products */,
				6FAE2D5714ADD7510091281A /* SyntheForex */,
			);
			sourceTree = "<group>";
		};
		6FAE2D4E14ADD7510091281A /* Products */ = {
			isa = PBXGroup;
			children = (
				6FAE2D4D14ADD7510091281A /* SyntheForex.app */,
			);
			name = Products;
			sourceTree = "<group>";
		};
		6FAE2D5014ADD7510091281A /* Frameworks */ = {
			isa = PBXGroup;
			children = (
				6FAE2D5114ADD7510091281A /* Cocoa.framework */,
				6FAE2D5314ADD7510091281A /* Other Frameworks */,
			);
			name = Frameworks;
			sourceTree = "<group>";
		};
		6FAE2D5314ADD7510091281A /* Other Frameworks */ = {
			isa = PBXGroup;
			children = (
				6FAE2D5414ADD7510091281A /* AppKit.framework */,
				6FAE2D5514ADD7510091281A /* CoreData.framework */,
				6FAE2D5614ADD7510091281A /* Foundation.framework */,
			);
			name = "Other Frameworks";
			sourceTree = "<group>";
		};
		6FAE2D5714ADD7510091281A /* SyntheForex */ = {
			isa = PBXGroup;
			children = (
				6F58244215A05D4D00DABCC8 /* SyntheForex.entitlements */,
				6FAE2D6314ADD7510091281A /* AppDelegate.h */,
				6FAE2D6414ADD7510091281A /* AppDelegate.m */,
				6FB56CFC14AEFB81001BB52D /* build.h */,
				6F5A200314ADD8530023FDDA /* Currency.h */,
				6F5A200414ADD8530023FDDA /* Currency.m */,
				6F0FD351151DACE20089FFBE /* infoPanel.h */,
				6F0FD352151DACE20089FFBE /* infoPanel.m */,
				6F0FD355151DAD2D0089FFBE /* infoPanel.xib */,
				6FAE2D6614ADD7510091281A /* MainMenu.xib */,
				6FB56CFA14AED42E001BB52D /* Preference.xib */,
				6FB56CF614AED26A001BB52D /* PreferenceController.h */,
				6FB56CF714AED26A001BB52D /* PreferenceController.m */,
				6FAE2D5814ADD7510091281A /* Supporting Files */,
				6F7B23E814AFF3FD0032995B /* Transformer.h */,
				6F7B23E914AFF3FD0032995B /* Transformer.m */,
				6F5A200614ADD8600023FDDA /* webAccess.h */,
				6F5A200714ADD8600023FDDA /* webAccess.m */,
			);
			path = SyntheForex;
			sourceTree = "<group>";
		};
		6FAE2D5814ADD7510091281A /* Supporting Files */ = {
			isa = PBXGroup;
			children = (
				6FB6642714D6D6D600DD4CBB /* ChangeAlarm.m4a */,
				6FAE2D6014ADD7510091281A /* Credits.rtf */,
				6F94BEF116C6A8C800D26163 /* Earth.png */,
				6F10DB3914F3EA5C00C80296 /* flagAED.png */,
				6F028EDB14C9ABF300F290BE /* flagARS.png */,
				6F939F6514B008600059A33D /* flagAUD.png */,
				6F048B7614F52E7400FC72A7 /* flagBHD.png */,
				6F939F6614B008610059A33D /* flagBRL.png */,
				6F939F6714B008610059A33D /* flagCAD.png */,
				6F939F6814B008610059A33D /* flagCHF.png */,
				6F048B7014F52DF400FC72A7 /* flagCLP.png */,
				6F939F6914B008610059A33D /* flagCNY.png */,
				6F82D4EF159F2A2900D3FA13 /* flagCOP.png */,
				6F0A460515B45BC6000533F4 /* flagCZK.png */,
				6F0F630514C2824F00560A38 /* flagDKK.png */,
				6F028EDC14C9ABF300F290BE /* flagEGP.png */,
				6F939F5E14AFFA2D0059A33D /* flagEUR.png */,
				6F939F6A14B008610059A33D /* flagGBP.png */,
				6F939F6B14B008610059A33D /* flagHKD.png */,
				6F0A460A15B460B7000533F4 /* flagHUF.png */,
				6F0F630614C2824F00560A38 /* flagIDR.png */,
				6F048B7414F52E0F00FC72A7 /* flagILS.png */,
				6F939F6C14B008610059A33D /* flagINR.png */,
				6FF88ABF1CB4061D00B998C8 /* flagJPY.png */,
				6F939F6D14B008610059A33D /* flagKRW.png */,
				6F8EBA6414B3407A00F6E176 /* flagMXN.png */,
				6F028EE014C9B2F600F290BE /* flagMYR.png */,
				6F939F6E14B008610059A33D /* flagNOK.png */,
				6F939F6F14B008610059A33D /* flagNZD.png */,
				6F82D4F2159F2FC200D3FA13 /* flagPEN.png */,
				6F0F630714C2824F00560A38 /* flagPHP.png */,
				6F048B6D14F52DE500FC72A7 /* flagPLN.png */,
				6F048B7214F52E0200FC72A7 /* flagQAR.png */,
				6F8EBA6614B3409600F6E176 /* flagRUB.png */,
				6F4E97B314C84A7B006210AF /* flagSAR.png */,
				6F8EBA6714B3409600F6E176 /* flagSEK.png */,
				6F8EBA6814B3409600F6E176 /* flagSGD.png */,
				6F939F7114B008610059A33D /* flagTHB.png */,
				6F0F630814C2824F00560A38 /* flagTRY.png */,
				6F939F7214B008610059A33D /* flagTWD.png */,
				6F939F6014AFFA2D0059A33D /* flagUSD.png */,
				6F028EE214C9B30500F290BE /* flagVND.png */,
				6F939F7014B008610059A33D /* flagZAR.png */,
				6FAE2D5A14ADD7510091281A /* InfoPlist.strings */,
				6F5A200D14ADD93C0023FDDA /* Localizable.strings */,
				6FAE2D5D14ADD7510091281A /* main.m */,
				6F10908814B88FBB00FA06B7 /* SoundOff.tiff */,
				6F10908914B88FBB00FA06B7 /* SoundOn.tiff */,
				6FAE2D5914ADD7510091281A /* SyntheForex-Info.plist */,
				6FAE2D5F14ADD7510091281A /* SyntheForex-Prefix.pch */,
				6F8EBA6114B3298500F6E176 /* tanu-p-fx.icns */,
			);
			name = "Supporting Files";
			sourceTree = "<group>";
		};
/* End PBXGroup section */

/* Begin PBXNativeTarget section */
		6FAE2D4C14ADD7510091281A /* SyntheForex */ = {
			isa = PBXNativeTarget;
			buildConfigurationList = 6FAE2D6B14ADD7510091281A /* Build configuration list for PBXNativeTarget "SyntheForex" */;
			buildPhases = (
				6FAE2D4914ADD7510091281A /* Sources */,
				6FAE2D4A14ADD7510091281A /* Frameworks */,
				6FAE2D4B14ADD7510091281A /* Resources */,
			);
			buildRules = (
			);
			dependencies = (
			);
			name = SyntheForex;
			productName = SyntheForex;
			productReference = 6FAE2D4D14ADD7510091281A /* SyntheForex.app */;
			productType = "com.apple.product-type.application";
		};
/* End PBXNativeTarget section */

/* Begin PBXProject section */
		6FAE2D4414ADD7510091281A /* Project object */ = {
			isa = PBXProject;
			attributes = {
				LastUpgradeCheck = 1250;
				TargetAttributes = {
					6FAE2D4C14ADD7510091281A = {
						DevelopmentTeam = KERF423C7P;
						ProvisioningStyle = Automatic;
						SystemCapabilities = {
							com.apple.iCloud = {
								enabled = 0;
							};
						};
					};
				};
			};
			buildConfigurationList = 6FAE2D4714ADD7510091281A /* Build configuration list for PBXProject "SyntheForex" */;
			compatibilityVersion = "Xcode 3.2";
			developmentRegion = en;
			hasScannedForEncodings = 0;
			knownRegions = (
				en,
				ja,
				de,
				fr,
				es,
				it,
				pt,
				Base,
			);
			mainGroup = 6FAE2D4214ADD7510091281A;
			productRefGroup = 6FAE2D4E14ADD7510091281A /* Products */;
			projectDirPath = "";
			projectRoot = "";
			targets = (
				6FAE2D4C14ADD7510091281A /* SyntheForex */,
			);
		};
/* End PBXProject section */

/* Begin PBXResourcesBuildPhase section */
		6FAE2D4B14ADD7510091281A /* Resources */ = {
			isa = PBXResourcesBuildPhase;
			buildActionMask = 2147483647;
			files = (
				6FAE2D5C14ADD7510091281A /* InfoPlist.strings in Resources */,
				6FAE2D6214ADD7510091281A /* Credits.rtf in Resources */,
				6FAE2D6814ADD7510091281A /* MainMenu.xib in Resources */,
				6F5A200F14ADD93C0023FDDA /* Localizable.strings in Resources */,
				6FB56CFB14AED42E001BB52D /* Preference.xib in Resources */,
				6FF88AC01CB4061D00B998C8 /* flagJPY.png in Resources */,
				6F939F6114AFFA2D0059A33D /* flagEUR.png in Resources */,
				6F939F6314AFFA2D0059A33D /* flagUSD.png in Resources */,
				6F939F7314B008610059A33D /* flagAUD.png in Resources */,
				6F939F7414B008610059A33D /* flagBRL.png in Resources */,
				6F939F7514B008610059A33D /* flagCAD.png in Resources */,
				6F939F7614B008610059A33D /* flagCHF.png in Resources */,
				6F939F7714B008610059A33D /* flagCNY.png in Resources */,
				6F939F7814B008610059A33D /* flagGBP.png in Resources */,
				6F939F7914B008610059A33D /* flagHKD.png in Resources */,
				6F939F7A14B008610059A33D /* flagINR.png in Resources */,
				6F939F7B14B008610059A33D /* flagKRW.png in Resources */,
				6F939F7C14B008610059A33D /* flagNOK.png in Resources */,
				6F939F7D14B008610059A33D /* flagNZD.png in Resources */,
				6F939F7E14B008610059A33D /* flagZAR.png in Resources */,
				6F939F7F14B008610059A33D /* flagTHB.png in Resources */,
				6F939F8014B008610059A33D /* flagTWD.png in Resources */,
				6F8EBA6214B3298500F6E176 /* tanu-p-fx.icns in Resources */,
				6F8EBA6514B3407A00F6E176 /* flagMXN.png in Resources */,
				6F8EBA6914B3409600F6E176 /* flagRUB.png in Resources */,
				6F8EBA6A14B3409600F6E176 /* flagSEK.png in Resources */,
				6F8EBA6B14B3409600F6E176 /* flagSGD.png in Resources */,
				6F10908A14B88FBB00FA06B7 /* SoundOff.tiff in Resources */,
				6F10908B14B88FBB00FA06B7 /* SoundOn.tiff in Resources */,
				6F0F630914C2824F00560A38 /* flagDKK.png in Resources */,
				6F0F630A14C2824F00560A38 /* flagIDR.png in Resources */,
				6F0F630B14C2824F00560A38 /* flagPHP.png in Resources */,
				6F0F630C14C2824F00560A38 /* flagTRY.png in Resources */,
				6F4E97B414C84A7B006210AF /* flagSAR.png in Resources */,
				6F028EDD14C9ABF300F290BE /* flagARS.png in Resources */,
				6F028EDE14C9ABF300F290BE /* flagEGP.png in Resources */,
				6F028EE114C9B2F600F290BE /* flagMYR.png in Resources */,
				6F028EE314C9B30500F290BE /* flagVND.png in Resources */,
				6FB6642814D6D6D600DD4CBB /* ChangeAlarm.m4a in Resources */,
				6F10DB3A14F3EA5C00C80296 /* flagAED.png in Resources */,
				6F048B6E14F52DE500FC72A7 /* flagPLN.png in Resources */,
				6F048B7114F52DF400FC72A7 /* flagCLP.png in Resources */,
				6F048B7314F52E0200FC72A7 /* flagQAR.png in Resources */,
				6F048B7514F52E0F00FC72A7 /* flagILS.png in Resources */,
				6F048B7714F52E7400FC72A7 /* flagBHD.png in Resources */,
				6F0FD356151DAD2D0089FFBE /* infoPanel.xib in Resources */,
				6F82D4F0159F2A2900D3FA13 /* flagCOP.png in Resources */,
				6F82D4F3159F2FC200D3FA13 /* flagPEN.png in Resources */,
				6F0A460615B45BC6000533F4 /* flagCZK.png in Resources */,
				6F0A460B15B460B8000533F4 /* flagHUF.png in Resources */,
				6F94BEF216C6A8C800D26163 /* Earth.png in Resources */,
			);
			runOnlyForDeploymentPostprocessing = 0;
		};
/* End PBXResourcesBuildPhase section */

/* Begin PBXSourcesBuildPhase section */
		6FAE2D4914ADD7510091281A /* Sources */ = {
			isa = PBXSourcesBuildPhase;
			buildActionMask = 2147483647;
			files = (
				6FAE2D5E14ADD7510091281A /* main.m in Sources */,
				6FAE2D6514ADD7510091281A /* AppDelegate.m in Sources */,
				6F5A200514ADD8530023FDDA /* Currency.m in Sources */,
				6F5A200814ADD8600023FDDA /* webAccess.m in Sources */,
				6FB56CF814AED26A001BB52D /* PreferenceController.m in Sources */,
				6F7B23EA14AFF3FD0032995B /* Transformer.m in Sources */,
				6F0FD353151DACE20089FFBE /* infoPanel.m in Sources */,
			);
			runOnlyForDeploymentPostprocessing = 0;
		};
/* End PBXSourcesBuildPhase section */

/* Begin PBXVariantGroup section */
		6F5A200D14ADD93C0023FDDA /* Localizable.strings */ = {
			isa = PBXVariantGroup;
			children = (
				6F5A200E14ADD93C0023FDDA /* en */,
				6F5A201214ADD9710023FDDA /* ja */,
				6FD5EF4114C7CD1400096BED /* de */,
				6FD5EF4214C7D12A00096BED /* fr */,
				6F66FAD414CA988600FEC87D /* es */,
				6F66FADA14CAC8A900FEC87D /* it */,
				6F66FADB14CAC8AE00FEC87D /* pt */,
			);
			name = Localizable.strings;
			sourceTree = "<group>";
		};
		6FAE2D5A14ADD7510091281A /* InfoPlist.strings */ = {
			isa = PBXVariantGroup;
			children = (
				6FAE2D5B14ADD7510091281A /* en */,
				6F5A201114ADD9500023FDDA /* ja */,
			);
			name = InfoPlist.strings;
			sourceTree = "<group>";
		};
		6FAE2D6014ADD7510091281A /* Credits.rtf */ = {
			isa = PBXVariantGroup;
			children = (
				6FAE2D6114ADD7510091281A /* en */,
				6F0F630E14C291EE00560A38 /* ja */,
			);
			name = Credits.rtf;
			sourceTree = "<group>";
		};
		6FAE2D6614ADD7510091281A /* MainMenu.xib */ = {
			isa = PBXVariantGroup;
			children = (
				6F077D3626EC39C200056AC5 /* Base */,
			);
			name = MainMenu.xib;
			sourceTree = "<group>";
		};
/* End PBXVariantGroup section */

/* Begin XCBuildConfiguration section */
		6FAE2D6914ADD7510091281A /* Debug */ = {
			isa = XCBuildConfiguration;
			buildSettings = {
				ALWAYS_SEARCH_USER_PATHS = NO;
				CLANG_ANALYZER_LOCALIZABILITY_NONLOCALIZED = YES;
				CLANG_WARN_BLOCK_CAPTURE_AUTORELEASING = YES;
				CLANG_WARN_BOOL_CONVERSION = YES;
				CLANG_WARN_COMMA = YES;
				CLANG_WARN_CONSTANT_CONVERSION = YES;
				CLANG_WARN_DEPRECATED_OBJC_IMPLEMENTATIONS = YES;
				CLANG_WARN_EMPTY_BODY = YES;
				CLANG_WARN_ENUM_CONVERSION = YES;
				CLANG_WARN_INFINITE_RECURSION = YES;
				CLANG_WARN_INT_CONVERSION = YES;
				CLANG_WARN_NON_LITERAL_NULL_CONVERSION = YES;
				CLANG_WARN_OBJC_IMPLICIT_RETAIN_SELF = YES;
				CLANG_WARN_OBJC_LITERAL_CONVERSION = YES;
				CLANG_WARN_QUOTED_INCLUDE_IN_FRAMEWORK_HEADER = YES;
				CLANG_WARN_RANGE_LOOP_ANALYSIS = YES;
				CLANG_WARN_STRICT_PROTOTYPES = YES;
				CLANG_WARN_SUSPICIOUS_MOVE = YES;
				CLANG_WARN_UNREACHABLE_CODE = YES;
				CLANG_WARN__DUPLICATE_METHOD_MATCH = YES;
				CODE_SIGN_INJECT_BASE_ENTITLEMENTS = NO;
				CODE_SIGN_STYLE = Automatic;
				COPY_PHASE_STRIP = NO;
				ENABLE_STRICT_OBJC_MSGSEND = YES;
				ENABLE_TESTABILITY = YES;
				GCC_C_LANGUAGE_STANDARD = gnu99;
				GCC_DYNAMIC_NO_PIC = NO;
				GCC_ENABLE_OBJC_EXCEPTIONS = YES;
				GCC_NO_COMMON_BLOCKS = YES;
				GCC_OPTIMIZATION_LEVEL = 0;
				GCC_PREPROCESSOR_DEFINITIONS = (
					"DEBUG=1",
					"$(inherited)",
				);
				GCC_SYMBOLS_PRIVATE_EXTERN = NO;
				GCC_VERSION = com.apple.compilers.llvm.clang.1_0;
				GCC_WARN_64_TO_32_BIT_CONVERSION = YES;
				GCC_WARN_ABOUT_MISSING_PROTOTYPES = YES;
				GCC_WARN_ABOUT_RETURN_TYPE = YES;
				GCC_WARN_UNDECLARED_SELECTOR = YES;
				GCC_WARN_UNINITIALIZED_AUTOS = YES;
				GCC_WARN_UNUSED_FUNCTION = YES;
				GCC_WARN_UNUSED_VARIABLE = YES;
				MACOSX_DEPLOYMENT_TARGET = 10.13;
				ONLY_ACTIVE_ARCH = YES;
				SDKROOT = macosx;
			};
			name = Debug;
		};
		6FAE2D6A14ADD7510091281A /* Release */ = {
			isa = XCBuildConfiguration;
			buildSettings = {
				ALWAYS_SEARCH_USER_PATHS = NO;
				CLANG_ANALYZER_LOCALIZABILITY_NONLOCALIZED = YES;
				CLANG_WARN_BLOCK_CAPTURE_AUTORELEASING = YES;
				CLANG_WARN_BOOL_CONVERSION = YES;
				CLANG_WARN_COMMA = YES;
				CLANG_WARN_CONSTANT_CONVERSION = YES;
				CLANG_WARN_DEPRECATED_OBJC_IMPLEMENTATIONS = YES;
				CLANG_WARN_EMPTY_BODY = YES;
				CLANG_WARN_ENUM_CONVERSION = YES;
				CLANG_WARN_INFINITE_RECURSION = YES;
				CLANG_WARN_INT_CONVERSION = YES;
				CLANG_WARN_NON_LITERAL_NULL_CONVERSION = YES;
				CLANG_WARN_OBJC_IMPLICIT_RETAIN_SELF = YES;
				CLANG_WARN_OBJC_LITERAL_CONVERSION = YES;
				CLANG_WARN_QUOTED_INCLUDE_IN_FRAMEWORK_HEADER = YES;
				CLANG_WARN_RANGE_LOOP_ANALYSIS = YES;
				CLANG_WARN_STRICT_PROTOTYPES = YES;
				CLANG_WARN_SUSPICIOUS_MOVE = YES;
				CLANG_WARN_UNREACHABLE_CODE = YES;
				CLANG_WARN__DUPLICATE_METHOD_MATCH = YES;
				CODE_SIGN_INJECT_BASE_ENTITLEMENTS = NO;
				CODE_SIGN_STYLE = Automatic;
				COPY_PHASE_STRIP = YES;
				DEBUG_INFORMATION_FORMAT = "dwarf-with-dsym";
				ENABLE_STRICT_OBJC_MSGSEND = YES;
				GCC_C_LANGUAGE_STANDARD = gnu99;
				GCC_ENABLE_OBJC_EXCEPTIONS = YES;
				GCC_NO_COMMON_BLOCKS = YES;
				GCC_VERSION = com.apple.compilers.llvm.clang.1_0;
				GCC_WARN_64_TO_32_BIT_CONVERSION = YES;
				GCC_WARN_ABOUT_MISSING_PROTOTYPES = YES;
				GCC_WARN_ABOUT_RETURN_TYPE = YES;
				GCC_WARN_UNDECLARED_SELECTOR = YES;
				GCC_WARN_UNINITIALIZED_AUTOS = YES;
				GCC_WARN_UNUSED_FUNCTION = YES;
				GCC_WARN_UNUSED_VARIABLE = YES;
				MACOSX_DEPLOYMENT_TARGET = 10.13;
				SDKROOT = macosx;
			};
			name = Release;
		};
		6FAE2D6C14ADD7510091281A /* Debug */ = {
			isa = XCBuildConfiguration;
			buildSettings = {
				CLANG_ENABLE_OBJC_WEAK = YES;
				CODE_SIGN_ENTITLEMENTS = "";
				CODE_SIGN_IDENTITY = "";
				"CODE_SIGN_IDENTITY[sdk=*]" = "";
				"CODE_SIGN_IDENTITY[sdk=macosx*]" = "";
				COMBINE_HIDPI_IMAGES = YES;
				CURRENT_PROJECT_VERSION = 1.4.0;
				ENABLE_HARDENED_RUNTIME = YES;
				GCC_PRECOMPILE_PREFIX_HEADER = YES;
				GCC_PREFIX_HEADER = "SyntheForex/SyntheForex-Prefix.pch";
				INFOPLIST_FILE = "SyntheForex/SyntheForex-Info.plist";
				MACOSX_DEPLOYMENT_TARGET = 10.13;
				MARKETING_VERSION = 1.4;
				ONLY_ACTIVE_ARCH = NO;
				PRODUCT_BUNDLE_IDENTIFIER = "com.tanuki-project.${PRODUCT_NAME:rfc1034identifier}";
				PRODUCT_NAME = "$(TARGET_NAME)";
				PROVISIONING_PROFILE = "";
				"PROVISIONING_PROFILE[sdk=*]" = "";
				WRAPPER_EXTENSION = app;
			};
			name = Debug;
		};
		6FAE2D6D14ADD7510091281A /* Release */ = {
			isa = XCBuildConfiguration;
			buildSettings = {
				CLANG_ENABLE_OBJC_WEAK = YES;
				CODE_SIGN_ENTITLEMENTS = "";
				CODE_SIGN_IDENTITY = "";
				"CODE_SIGN_IDENTITY[sdk=*]" = "";
				"CODE_SIGN_IDENTITY[sdk=macosx*]" = "";
				COMBINE_HIDPI_IMAGES = YES;
				CURRENT_PROJECT_VERSION = 1.4.0;
				ENABLE_HARDENED_RUNTIME = YES;
				GCC_PRECOMPILE_PREFIX_HEADER = YES;
				GCC_PREFIX_HEADER = "SyntheForex/SyntheForex-Prefix.pch";
				"GCC_PREPROCESSOR_DEFINITIONS[arch=*]" = "NS_BLOCK_ASSERTIONS=1";
				INFOPLIST_FILE = "SyntheForex/SyntheForex-Info.plist";
				MACOSX_DEPLOYMENT_TARGET = 10.13;
				MARKETING_VERSION = 1.4;
				PRODUCT_BUNDLE_IDENTIFIER = "com.tanuki-project.${PRODUCT_NAME:rfc1034identifier}";
				PRODUCT_NAME = "$(TARGET_NAME)";
				PROVISIONING_PROFILE = "";
				"PROVISIONING_PROFILE[sdk=*]" = "";
				WRAPPER_EXTENSION = app;
			};
			name = Release;
		};
/* End XCBuildConfiguration section */

/* Begin XCConfigurationList section */
		6FAE2D4714ADD7510091281A /* Build configuration list for PBXProject "SyntheForex" */ = {
			isa = XCConfigurationList;
			buildConfigurations = (
				6FAE2D6914ADD7510091281A /* Debug */,
				6FAE2D6A14ADD7510091281A /* Release */,
			);
			defaultConfigurationIsVisible = 0;
			defaultConfigurationName = Release;
		};
		6FAE2D6B14ADD7510091281A /* Build configuration list for PBXNativeTarget "SyntheForex" */ = {
			isa = XCConfigurationList;
			buildConfigurations = (
				6FAE2D6C14ADD7510091281A /* Debug */,
				6FAE2D6D14ADD7510091281A /* Release */,
			);
			defaultConfigurationIsVisible = 0;
			defaultConfigurationName = Release;
		};
/* End XCConfigurationList section */
	};
	rootObject = 6FAE2D4414ADD7510091281A /* Project object */;
}
